PODS:
  - FMDB (2.7.5):
    - FMDB/standard (= 2.7.5)
  - FMDB/standard (2.7.5)
  - MBProgressHUD (1.2.0)
  - SXHCategoryKit (1.0.1):
    - FMDB
    - MBProgressHUD

DEPENDENCIES:
  - SXHCategoryKit (from `../`)

SPEC REPOS:
  trunk:
    - FMDB
    - MBProgressHUD

EXTERNAL SOURCES:
  SXHCategoryKit:
    :path: "../"

SPEC CHECKSUMS:
  FMDB: 2ce00b547f966261cd18927a3ddb07cb6f3db82a
  MBProgressHUD: 3ee5efcc380f6a79a7cc9b363dd669c5e1ae7406
  SXHCategoryKit: 3beb804259431b2fc129288ad2776426244d5df8

PODFILE CHECKSUM: a21fff03453ef3388c7b26dbcec218a8be491439

COCOAPODS: 1.10.1
